{
  "name": "ui-tractview",
  "version": "1.0.0",
  "lockfileVersion": 1,
  "requires": true,
  "dependencies": {
    "bootstrap": {
      "version": "3.3.7",
      "resolved": "https://registry.npmjs.org/bootstrap/-/bootstrap-3.3.7.tgz",
      "integrity": "sha1-WjiTlFSfIzMIdaOxUGVldPip63E="
    },
    "three": {
      "version": "0.86.0",
      "resolved": "https://registry.npmjs.org/three/-/three-0.86.0.tgz",
      "integrity": "sha1-HDPkdqFTfpqKGPV5LQJLEEbNIAA="
    }
  }
}
