{
  "name": "ui-tractview",
  "version": "1.0.0",
  "lockfileVersion": 1,
  "dependencies": {
    "three": {
      "version": "0.77.0",
      "resolved": "https://registry.npmjs.org/three/-/three-0.77.0.tgz",
      "integrity": "sha1-iwsbAAR2ic6qAg1IClYspg2H/zc="
    },
    "three.js": {
      "version": "0.77.1",
      "resolved": "https://registry.npmjs.org/three.js/-/three.js-0.77.1.tgz",
      "integrity": "sha1-B4WKh0nktiejEIMlKi2Yd3bMoyo="
    }
  }
}
